// !$*UTF8*$!
{
	archiveVersion = 1;
	classes = {
	};
	objectVersion = 56;
	objects = {

/* Begin PBXBuildFile section */
		9497509029D213ED00DFEBA0 /* LogbookApp.swift in Sources */ = {isa = PBXBuildFile; fileRef = 9497508F29D213ED00DFEBA0 /* LogbookApp.swift */; };
		9497509729D213ED00DFEBA0 /* UpcomingView.swift in Sources */ = {isa = PBXBuildFile; fileRef = 9497509629D213ED00DFEBA0 /* UpcomingView.swift */; };
		9497509929D213EF00DFEBA0 /* Assets.xcassets in Resources */ = {isa = PBXBuildFile; fileRef = 9497509829D213EF00DFEBA0 /* Assets.xcassets */; };
		9497509D29D213EF00DFEBA0 /* Preview Assets.xcassets in Resources */ = {isa = PBXBuildFile; fileRef = 9497509C29D213EF00DFEBA0 /* Preview Assets.xcassets */; };
		949750A729D213EF00DFEBA0 /* LogbookTests.swift in Sources */ = {isa = PBXBuildFile; fileRef = 949750A629D213EF00DFEBA0 /* LogbookTests.swift */; };
		949750B129D213EF00DFEBA0 /* LogbookUITests.swift in Sources */ = {isa = PBXBuildFile; fileRef = 949750B029D213EF00DFEBA0 /* LogbookUITests.swift */; };
		949750B329D213EF00DFEBA0 /* LogbookUITestsLaunchTests.swift in Sources */ = {isa = PBXBuildFile; fileRef = 949750B229D213EF00DFEBA0 /* LogbookUITestsLaunchTests.swift */; };
		949750C329D2326700DFEBA0 /* MainView.swift in Sources */ = {isa = PBXBuildFile; fileRef = 949750C229D2326700DFEBA0 /* MainView.swift */; };
		94D70D9B2A1563D400458B91 /* EntryForm.swift in Sources */ = {isa = PBXBuildFile; fileRef = 94D70D9A2A1563D400458B91 /* EntryForm.swift */; };
		94D70D9D2A15645B00458B91 /* PreviewMocks.swift in Sources */ = {isa = PBXBuildFile; fileRef = 94D70D9C2A15645B00458B91 /* PreviewMocks.swift */; };
		94DB537829FAB7710065895F /* Blackbird in Frameworks */ = {isa = PBXBuildFile; productRef = 94DB537729FAB7710065895F /* Blackbird */; };
		94DB537B29FAB7B10065895F /* Item.swift in Sources */ = {isa = PBXBuildFile; fileRef = 94DB537A29FAB7B10065895F /* Item.swift */; };
		94DB537D29FAB82A0065895F /* Entry.swift in Sources */ = {isa = PBXBuildFile; fileRef = 94DB537C29FAB82A0065895F /* Entry.swift */; };
		94DB537F29FAB9EA0065895F /* Logbook.swift in Sources */ = {isa = PBXBuildFile; fileRef = 94DB537E29FAB9EA0065895F /* Logbook.swift */; };
		94DB538729FAE7A20065895F /* Logbooks_Test.sqlite3 in Resources */ = {isa = PBXBuildFile; fileRef = 94DB538529FAE7A20065895F /* Logbooks_Test.sqlite3 */; };
		94DB538A29FAEE620065895F /* LogbooksView.swift in Sources */ = {isa = PBXBuildFile; fileRef = 94DB538929FAEE620065895F /* LogbooksView.swift */; };
		94DB538D29FC196C0065895F /* AddLogbookView.swift in Sources */ = {isa = PBXBuildFile; fileRef = 94DB538C29FC196C0065895F /* AddLogbookView.swift */; };
		94DB539029FC4EF90065895F /* DBError.swift in Sources */ = {isa = PBXBuildFile; fileRef = 94DB538F29FC4EF90065895F /* DBError.swift */; };
		94DB539329FC50AE0065895F /* FileManager+Utilities.swift in Sources */ = {isa = PBXBuildFile; fileRef = 94DB539229FC50AE0065895F /* FileManager+Utilities.swift */; };
		94DB539729FC62D40065895F /* EntriesView.swift in Sources */ = {isa = PBXBuildFile; fileRef = 94DB539629FC62D40065895F /* EntriesView.swift */; };
		94DB539829FC67BF0065895F /* AddEntryView.swift in Sources */ = {isa = PBXBuildFile; fileRef = 94DB539529FC5BEE0065895F /* AddEntryView.swift */; };
		94DB553C2A0193CF0065895F /* EntryView.swift in Sources */ = {isa = PBXBuildFile; fileRef = 94DB553B2A0193CF0065895F /* EntryView.swift */; };
		94DB553F2A019DE80065895F /* EntryViewModel.swift in Sources */ = {isa = PBXBuildFile; fileRef = 94DB553E2A019DE80065895F /* EntryViewModel.swift */; };
/* End PBXBuildFile section */

/* Begin PBXContainerItemProxy section */
		949750A329D213EF00DFEBA0 /* PBXContainerItemProxy */ = {
			isa = PBXContainerItemProxy;
			containerPortal = 9497508429D213ED00DFEBA0 /* Project object */;
			proxyType = 1;
			remoteGlobalIDString = 9497508B29D213ED00DFEBA0;
			remoteInfo = Logbook;
		};
		949750AD29D213EF00DFEBA0 /* PBXContainerItemProxy */ = {
			isa = PBXContainerItemProxy;
			containerPortal = 9497508429D213ED00DFEBA0 /* Project object */;
			proxyType = 1;
			remoteGlobalIDString = 9497508B29D213ED00DFEBA0;
			remoteInfo = Logbook;
		};
/* End PBXContainerItemProxy section */

/* Begin PBXFileReference section */
		9497508C29D213ED00DFEBA0 /* Logbook.app */ = {isa = PBXFileReference; explicitFileType = wrapper.application; includeInIndex = 0; path = Logbook.app; sourceTree = BUILT_PRODUCTS_DIR; };
		9497508F29D213ED00DFEBA0 /* LogbookApp.swift */ = {isa = PBXFileReference; lastKnownFileType = sourcecode.swift; path = LogbookApp.swift; sourceTree = "<group>"; };
		9497509629D213ED00DFEBA0 /* UpcomingView.swift */ = {isa = PBXFileReference; lastKnownFileType = sourcecode.swift; path = UpcomingView.swift; sourceTree = "<group>"; };
		9497509829D213EF00DFEBA0 /* Assets.xcassets */ = {isa = PBXFileReference; lastKnownFileType = folder.assetcatalog; path = Assets.xcassets; sourceTree = "<group>"; };
		9497509A29D213EF00DFEBA0 /* Logbook.entitlements */ = {isa = PBXFileReference; lastKnownFileType = text.plist.entitlements; path = Logbook.entitlements; sourceTree = "<group>"; };
		9497509C29D213EF00DFEBA0 /* Preview Assets.xcassets */ = {isa = PBXFileReference; lastKnownFileType = folder.assetcatalog; path = "Preview Assets.xcassets"; sourceTree = "<group>"; };
		949750A229D213EF00DFEBA0 /* LogbookTests.xctest */ = {isa = PBXFileReference; explicitFileType = wrapper.cfbundle; includeInIndex = 0; path = LogbookTests.xctest; sourceTree = BUILT_PRODUCTS_DIR; };
		949750A629D213EF00DFEBA0 /* LogbookTests.swift */ = {isa = PBXFileReference; lastKnownFileType = sourcecode.swift; path = LogbookTests.swift; sourceTree = "<group>"; };
		949750AC29D213EF00DFEBA0 /* LogbookUITests.xctest */ = {isa = PBXFileReference; explicitFileType = wrapper.cfbundle; includeInIndex = 0; path = LogbookUITests.xctest; sourceTree = BUILT_PRODUCTS_DIR; };
		949750B029D213EF00DFEBA0 /* LogbookUITests.swift */ = {isa = PBXFileReference; lastKnownFileType = sourcecode.swift; path = LogbookUITests.swift; sourceTree = "<group>"; };
		949750B229D213EF00DFEBA0 /* LogbookUITestsLaunchTests.swift */ = {isa = PBXFileReference; lastKnownFileType = sourcecode.swift; path = LogbookUITestsLaunchTests.swift; sourceTree = "<group>"; };
		949750C229D2326700DFEBA0 /* MainView.swift */ = {isa = PBXFileReference; lastKnownFileType = sourcecode.swift; path = MainView.swift; sourceTree = "<group>"; };
		94D70D9A2A1563D400458B91 /* EntryForm.swift */ = {isa = PBXFileReference; lastKnownFileType = sourcecode.swift; path = EntryForm.swift; sourceTree = "<group>"; };
		94D70D9C2A15645B00458B91 /* PreviewMocks.swift */ = {isa = PBXFileReference; lastKnownFileType = sourcecode.swift; path = PreviewMocks.swift; sourceTree = "<group>"; };
		94DB537A29FAB7B10065895F /* Item.swift */ = {isa = PBXFileReference; lastKnownFileType = sourcecode.swift; path = Item.swift; sourceTree = "<group>"; };
		94DB537C29FAB82A0065895F /* Entry.swift */ = {isa = PBXFileReference; lastKnownFileType = sourcecode.swift; path = Entry.swift; sourceTree = "<group>"; };
		94DB537E29FAB9EA0065895F /* Logbook.swift */ = {isa = PBXFileReference; lastKnownFileType = sourcecode.swift; path = Logbook.swift; sourceTree = "<group>"; };
		94DB538529FAE7A20065895F /* Logbooks_Test.sqlite3 */ = {isa = PBXFileReference; lastKnownFileType = file; path = Logbooks_Test.sqlite3; sourceTree = "<group>"; };
		94DB538929FAEE620065895F /* LogbooksView.swift */ = {isa = PBXFileReference; lastKnownFileType = sourcecode.swift; path = LogbooksView.swift; sourceTree = "<group>"; };
		94DB538C29FC196C0065895F /* AddLogbookView.swift */ = {isa = PBXFileReference; lastKnownFileType = sourcecode.swift; path = AddLogbookView.swift; sourceTree = "<group>"; };
		94DB538F29FC4EF90065895F /* DBError.swift */ = {isa = PBXFileReference; lastKnownFileType = sourcecode.swift; path = DBError.swift; sourceTree = "<group>"; };
		94DB539229FC50AE0065895F /* FileManager+Utilities.swift */ = {isa = PBXFileReference; lastKnownFileType = sourcecode.swift; path = "FileManager+Utilities.swift"; sourceTree = "<group>"; };
		94DB539529FC5BEE0065895F /* AddEntryView.swift */ = {isa = PBXFileReference; lastKnownFileType = sourcecode.swift; path = AddEntryView.swift; sourceTree = "<group>"; };
		94DB539629FC62D40065895F /* EntriesView.swift */ = {isa = PBXFileReference; lastKnownFileType = sourcecode.swift; path = EntriesView.swift; sourceTree = "<group>"; };
		94DB553B2A0193CF0065895F /* EntryView.swift */ = {isa = PBXFileReference; lastKnownFileType = sourcecode.swift; path = EntryView.swift; sourceTree = "<group>"; };
		94DB553E2A019DE80065895F /* EntryViewModel.swift */ = {isa = PBXFileReference; lastKnownFileType = sourcecode.swift; path = EntryViewModel.swift; sourceTree = "<group>"; };
/* End PBXFileReference section */

/* Begin PBXFrameworksBuildPhase section */
		9497508929D213ED00DFEBA0 /* Frameworks */ = {
			isa = PBXFrameworksBuildPhase;
			buildActionMask = 2147483647;
			files = (
				94DB537829FAB7710065895F /* Blackbird in Frameworks */,
			);
			runOnlyForDeploymentPostprocessing = 0;
		};
		9497509F29D213EF00DFEBA0 /* Frameworks */ = {
			isa = PBXFrameworksBuildPhase;
			buildActionMask = 2147483647;
			files = (
			);
			runOnlyForDeploymentPostprocessing = 0;
		};
		949750A929D213EF00DFEBA0 /* Frameworks */ = {
			isa = PBXFrameworksBuildPhase;
			buildActionMask = 2147483647;
			files = (
			);
			runOnlyForDeploymentPostprocessing = 0;
		};
/* End PBXFrameworksBuildPhase section */

/* Begin PBXGroup section */
		9497508329D213ED00DFEBA0 = {
			isa = PBXGroup;
			children = (
				9497508E29D213ED00DFEBA0 /* Logbook */,
				949750A529D213EF00DFEBA0 /* LogbookTests */,
				949750AF29D213EF00DFEBA0 /* LogbookUITests */,
				9497508D29D213ED00DFEBA0 /* Products */,
			);
			sourceTree = "<group>";
		};
		9497508D29D213ED00DFEBA0 /* Products */ = {
			isa = PBXGroup;
			children = (
				9497508C29D213ED00DFEBA0 /* Logbook.app */,
				949750A229D213EF00DFEBA0 /* LogbookTests.xctest */,
				949750AC29D213EF00DFEBA0 /* LogbookUITests.xctest */,
			);
			name = Products;
			sourceTree = "<group>";
		};
		9497508E29D213ED00DFEBA0 /* Logbook */ = {
			isa = PBXGroup;
			children = (
				94D70D9E2A15646600458B91 /* Protocols */,
				94DB539129FC507D0065895F /* Utility */,
				94DB538E29FC4ED80065895F /* Error */,
				94DB538429FAE7A20065895F /* Resources */,
				94DB537929FAB7890065895F /* Model */,
				949750C429D2355100DFEBA0 /* View */,
				9497508F29D213ED00DFEBA0 /* LogbookApp.swift */,
				9497509829D213EF00DFEBA0 /* Assets.xcassets */,
				9497509A29D213EF00DFEBA0 /* Logbook.entitlements */,
				9497509B29D213EF00DFEBA0 /* Preview Content */,
			);
			path = Logbook;
			sourceTree = "<group>";
		};
		9497509B29D213EF00DFEBA0 /* Preview Content */ = {
			isa = PBXGroup;
			children = (
				9497509C29D213EF00DFEBA0 /* Preview Assets.xcassets */,
			);
			path = "Preview Content";
			sourceTree = "<group>";
		};
		949750A529D213EF00DFEBA0 /* LogbookTests */ = {
			isa = PBXGroup;
			children = (
				949750A629D213EF00DFEBA0 /* LogbookTests.swift */,
			);
			path = LogbookTests;
			sourceTree = "<group>";
		};
		949750AF29D213EF00DFEBA0 /* LogbookUITests */ = {
			isa = PBXGroup;
			children = (
				949750B029D213EF00DFEBA0 /* LogbookUITests.swift */,
				949750B229D213EF00DFEBA0 /* LogbookUITestsLaunchTests.swift */,
			);
			path = LogbookUITests;
			sourceTree = "<group>";
		};
		949750C429D2355100DFEBA0 /* View */ = {
			isa = PBXGroup;
			children = (
				94DB539429FC5BDC0065895F /* Entry */,
				949750C229D2326700DFEBA0 /* MainView.swift */,
				9497509629D213ED00DFEBA0 /* UpcomingView.swift */,
				94DB538B29FC18E50065895F /* Logbooks */,
			);
			path = View;
			sourceTree = "<group>";
		};
		94D70D9E2A15646600458B91 /* Protocols */ = {
			isa = PBXGroup;
			children = (
				94D70D9C2A15645B00458B91 /* PreviewMocks.swift */,
			);
			path = Protocols;
			sourceTree = "<group>";
		};
		94DB537929FAB7890065895F /* Model */ = {
			isa = PBXGroup;
			children = (
				94DB537A29FAB7B10065895F /* Item.swift */,
				94DB537C29FAB82A0065895F /* Entry.swift */,
				94DB537E29FAB9EA0065895F /* Logbook.swift */,
				94DB553D2A019DCA0065895F /* ViewModel */,
			);
			path = Model;
			sourceTree = "<group>";
		};
		94DB538429FAE7A20065895F /* Resources */ = {
			isa = PBXGroup;
			children = (
				94DB538529FAE7A20065895F /* Logbooks_Test.sqlite3 */,
			);
			path = Resources;
			sourceTree = "<group>";
		};
		94DB538B29FC18E50065895F /* Logbooks */ = {
			isa = PBXGroup;
			children = (
				94DB538929FAEE620065895F /* LogbooksView.swift */,
				94DB538C29FC196C0065895F /* AddLogbookView.swift */,
			);
			path = Logbooks;
			sourceTree = "<group>";
		};
		94DB538E29FC4ED80065895F /* Error */ = {
			isa = PBXGroup;
			children = (
				94DB538F29FC4EF90065895F /* DBError.swift */,
			);
			path = Error;
			sourceTree = "<group>";
		};
		94DB539129FC507D0065895F /* Utility */ = {
			isa = PBXGroup;
			children = (
				94DB539229FC50AE0065895F /* FileManager+Utilities.swift */,
			);
			path = Utility;
			sourceTree = "<group>";
		};
		94DB539429FC5BDC0065895F /* Entry */ = {
			isa = PBXGroup;
			children = (
				94DB539529FC5BEE0065895F /* AddEntryView.swift */,
				94DB539629FC62D40065895F /* EntriesView.swift */,
				94DB553B2A0193CF0065895F /* EntryView.swift */,
				94D70D9A2A1563D400458B91 /* EntryForm.swift */,
			);
			path = Entry;
			sourceTree = "<group>";
		};
		94DB553D2A019DCA0065895F /* ViewModel */ = {
			isa = PBXGroup;
			children = (
				94DB553E2A019DE80065895F /* EntryViewModel.swift */,
			);
			path = ViewModel;
			sourceTree = "<group>";
		};
/* End PBXGroup section */

/* Begin PBXNativeTarget section */
		9497508B29D213ED00DFEBA0 /* Logbook */ = {
			isa = PBXNativeTarget;
			buildConfigurationList = 949750B629D213EF00DFEBA0 /* Build configuration list for PBXNativeTarget "Logbook" */;
			buildPhases = (
				9497508829D213ED00DFEBA0 /* Sources */,
				9497508929D213ED00DFEBA0 /* Frameworks */,
				9497508A29D213ED00DFEBA0 /* Resources */,
			);
			buildRules = (
			);
			dependencies = (
			);
			name = Logbook;
			packageProductDependencies = (
				94DB537729FAB7710065895F /* Blackbird */,
			);
			productName = Logbook;
			productReference = 9497508C29D213ED00DFEBA0 /* Logbook.app */;
			productType = "com.apple.product-type.application";
		};
		949750A129D213EF00DFEBA0 /* LogbookTests */ = {
			isa = PBXNativeTarget;
			buildConfigurationList = 949750B929D213EF00DFEBA0 /* Build configuration list for PBXNativeTarget "LogbookTests" */;
			buildPhases = (
				9497509E29D213EF00DFEBA0 /* Sources */,
				9497509F29D213EF00DFEBA0 /* Frameworks */,
				949750A029D213EF00DFEBA0 /* Resources */,
			);
			buildRules = (
			);
			dependencies = (
				949750A429D213EF00DFEBA0 /* PBXTargetDependency */,
			);
			name = LogbookTests;
			productName = LogbookTests;
			productReference = 949750A229D213EF00DFEBA0 /* LogbookTests.xctest */;
			productType = "com.apple.product-type.bundle.unit-test";
		};
		949750AB29D213EF00DFEBA0 /* LogbookUITests */ = {
			isa = PBXNativeTarget;
			buildConfigurationList = 949750BC29D213EF00DFEBA0 /* Build configuration list for PBXNativeTarget "LogbookUITests" */;
			buildPhases = (
				949750A829D213EF00DFEBA0 /* Sources */,
				949750A929D213EF00DFEBA0 /* Frameworks */,
				949750AA29D213EF00DFEBA0 /* Resources */,
			);
			buildRules = (
			);
			dependencies = (
				949750AE29D213EF00DFEBA0 /* PBXTargetDependency */,
			);
			name = LogbookUITests;
			productName = LogbookUITests;
			productReference = 949750AC29D213EF00DFEBA0 /* LogbookUITests.xctest */;
			productType = "com.apple.product-type.bundle.ui-testing";
		};
/* End PBXNativeTarget section */

/* Begin PBXProject section */
		9497508429D213ED00DFEBA0 /* Project object */ = {
			isa = PBXProject;
			attributes = {
				BuildIndependentTargetsInParallel = 1;
				LastSwiftUpdateCheck = 1420;
				LastUpgradeCheck = 1420;
				TargetAttributes = {
					9497508B29D213ED00DFEBA0 = {
						CreatedOnToolsVersion = 14.2;
					};
					949750A129D213EF00DFEBA0 = {
						CreatedOnToolsVersion = 14.2;
						TestTargetID = 9497508B29D213ED00DFEBA0;
					};
					949750AB29D213EF00DFEBA0 = {
						CreatedOnToolsVersion = 14.2;
						TestTargetID = 9497508B29D213ED00DFEBA0;
					};
				};
			};
			buildConfigurationList = 9497508729D213ED00DFEBA0 /* Build configuration list for PBXProject "Logbook" */;
			compatibilityVersion = "Xcode 14.0";
			developmentRegion = en;
			hasScannedForEncodings = 0;
			knownRegions = (
				en,
				Base,
			);
			mainGroup = 9497508329D213ED00DFEBA0;
			packageReferences = (
				94DB537629FAB7710065895F /* XCRemoteSwiftPackageReference "Blackbird" */,
			);
			productRefGroup = 9497508D29D213ED00DFEBA0 /* Products */;
			projectDirPath = "";
			projectRoot = "";
			targets = (
				9497508B29D213ED00DFEBA0 /* Logbook */,
				949750A129D213EF00DFEBA0 /* LogbookTests */,
				949750AB29D213EF00DFEBA0 /* LogbookUITests */,
			);
		};
/* End PBXProject section */

/* Begin PBXResourcesBuildPhase section */
		9497508A29D213ED00DFEBA0 /* Resources */ = {
			isa = PBXResourcesBuildPhase;
			buildActionMask = 2147483647;
			files = (
				9497509D29D213EF00DFEBA0 /* Preview Assets.xcassets in Resources */,
				9497509929D213EF00DFEBA0 /* Assets.xcassets in Resources */,
				94DB538729FAE7A20065895F /* Logbooks_Test.sqlite3 in Resources */,
			);
			runOnlyForDeploymentPostprocessing = 0;
		};
		949750A029D213EF00DFEBA0 /* Resources */ = {
			isa = PBXResourcesBuildPhase;
			buildActionMask = 2147483647;
			files = (
			);
			runOnlyForDeploymentPostprocessing = 0;
		};
		949750AA29D213EF00DFEBA0 /* Resources */ = {
			isa = PBXResourcesBuildPhase;
			buildActionMask = 2147483647;
			files = (
			);
			runOnlyForDeploymentPostprocessing = 0;
		};
/* End PBXResourcesBuildPhase section */

/* Begin PBXSourcesBuildPhase section */
		9497508829D213ED00DFEBA0 /* Sources */ = {
			isa = PBXSourcesBuildPhase;
			buildActionMask = 2147483647;
			files = (
				94DB538D29FC196C0065895F /* AddLogbookView.swift in Sources */,
				94DB553C2A0193CF0065895F /* EntryView.swift in Sources */,
				94DB537D29FAB82A0065895F /* Entry.swift in Sources */,
				94DB553F2A019DE80065895F /* EntryViewModel.swift in Sources */,
				94DB537F29FAB9EA0065895F /* Logbook.swift in Sources */,
				94DB539829FC67BF0065895F /* AddEntryView.swift in Sources */,
				94DB539029FC4EF90065895F /* DBError.swift in Sources */,
				94DB538A29FAEE620065895F /* LogbooksView.swift in Sources */,
				94DB537B29FAB7B10065895F /* Item.swift in Sources */,
				94D70D9B2A1563D400458B91 /* EntryForm.swift in Sources */,
				94DB539329FC50AE0065895F /* FileManager+Utilities.swift in Sources */,
				9497509029D213ED00DFEBA0 /* LogbookApp.swift in Sources */,
				94D70D9D2A15645B00458B91 /* PreviewMocks.swift in Sources */,
				9497509729D213ED00DFEBA0 /* UpcomingView.swift in Sources */,
				949750C329D2326700DFEBA0 /* MainView.swift in Sources */,
				94DB539729FC62D40065895F /* EntriesView.swift in Sources */,
			);
			runOnlyForDeploymentPostprocessing = 0;
		};
		9497509E29D213EF00DFEBA0 /* Sources */ = {
			isa = PBXSourcesBuildPhase;
			buildActionMask = 2147483647;
			files = (
				949750A729D213EF00DFEBA0 /* LogbookTests.swift in Sources */,
			);
			runOnlyForDeploymentPostprocessing = 0;
		};
		949750A829D213EF00DFEBA0 /* Sources */ = {
			isa = PBXSourcesBuildPhase;
			buildActionMask = 2147483647;
			files = (
				949750B329D213EF00DFEBA0 /* LogbookUITestsLaunchTests.swift in Sources */,
				949750B129D213EF00DFEBA0 /* LogbookUITests.swift in Sources */,
			);
			runOnlyForDeploymentPostprocessing = 0;
		};
/* End PBXSourcesBuildPhase section */

/* Begin PBXTargetDependency section */
		949750A429D213EF00DFEBA0 /* PBXTargetDependency */ = {
			isa = PBXTargetDependency;
			target = 9497508B29D213ED00DFEBA0 /* Logbook */;
			targetProxy = 949750A329D213EF00DFEBA0 /* PBXContainerItemProxy */;
		};
		949750AE29D213EF00DFEBA0 /* PBXTargetDependency */ = {
			isa = PBXTargetDependency;
			target = 9497508B29D213ED00DFEBA0 /* Logbook */;
			targetProxy = 949750AD29D213EF00DFEBA0 /* PBXContainerItemProxy */;
		};
/* End PBXTargetDependency section */

/* Begin XCBuildConfiguration section */
		949750B429D213EF00DFEBA0 /* Debug */ = {
			isa = XCBuildConfiguration;
			buildSettings = {
				ALWAYS_SEARCH_USER_PATHS = NO;
				CLANG_ANALYZER_NONNULL = YES;
				CLANG_ANALYZER_NUMBER_OBJECT_CONVERSION = YES_AGGRESSIVE;
				CLANG_CXX_LANGUAGE_STANDARD = "gnu++20";
				CLANG_ENABLE_MODULES = YES;
				CLANG_ENABLE_OBJC_ARC = YES;
				CLANG_ENABLE_OBJC_WEAK = YES;
				CLANG_WARN_BLOCK_CAPTURE_AUTORELEASING = YES;
				CLANG_WARN_BOOL_CONVERSION = YES;
				CLANG_WARN_COMMA = YES;
				CLANG_WARN_CONSTANT_CONVERSION = YES;
				CLANG_WARN_DEPRECATED_OBJC_IMPLEMENTATIONS = YES;
				CLANG_WARN_DIRECT_OBJC_ISA_USAGE = YES_ERROR;
				CLANG_WARN_DOCUMENTATION_COMMENTS = YES;
				CLANG_WARN_EMPTY_BODY = YES;
				CLANG_WARN_ENUM_CONVERSION = YES;
				CLANG_WARN_INFINITE_RECURSION = YES;
				CLANG_WARN_INT_CONVERSION = YES;
				CLANG_WARN_NON_LITERAL_NULL_CONVERSION = YES;
				CLANG_WARN_OBJC_IMPLICIT_RETAIN_SELF = YES;
				CLANG_WARN_OBJC_LITERAL_CONVERSION = YES;
				CLANG_WARN_OBJC_ROOT_CLASS = YES_ERROR;
				CLANG_WARN_QUOTED_INCLUDE_IN_FRAMEWORK_HEADER = YES;
				CLANG_WARN_RANGE_LOOP_ANALYSIS = YES;
				CLANG_WARN_STRICT_PROTOTYPES = YES;
				CLANG_WARN_SUSPICIOUS_MOVE = YES;
				CLANG_WARN_UNGUARDED_AVAILABILITY = YES_AGGRESSIVE;
				CLANG_WARN_UNREACHABLE_CODE = YES;
				CLANG_WARN__DUPLICATE_METHOD_MATCH = YES;
				COPY_PHASE_STRIP = NO;
				DEBUG_INFORMATION_FORMAT = dwarf;
				ENABLE_STRICT_OBJC_MSGSEND = YES;
				ENABLE_TESTABILITY = YES;
				GCC_C_LANGUAGE_STANDARD = gnu11;
				GCC_DYNAMIC_NO_PIC = NO;
				GCC_NO_COMMON_BLOCKS = YES;
				GCC_OPTIMIZATION_LEVEL = 0;
				GCC_PREPROCESSOR_DEFINITIONS = (
					"DEBUG=1",
					"$(inherited)",
				);
				GCC_WARN_64_TO_32_BIT_CONVERSION = YES;
				GCC_WARN_ABOUT_RETURN_TYPE = YES_ERROR;
				GCC_WARN_UNDECLARED_SELECTOR = YES;
				GCC_WARN_UNINITIALIZED_AUTOS = YES_AGGRESSIVE;
				GCC_WARN_UNUSED_FUNCTION = YES;
				GCC_WARN_UNUSED_VARIABLE = YES;
				MTL_ENABLE_DEBUG_INFO = INCLUDE_SOURCE;
				MTL_FAST_MATH = YES;
				ONLY_ACTIVE_ARCH = YES;
				SWIFT_ACTIVE_COMPILATION_CONDITIONS = DEBUG;
				SWIFT_OPTIMIZATION_LEVEL = "-Onone";
			};
			name = Debug;
		};
		949750B529D213EF00DFEBA0 /* Release */ = {
			isa = XCBuildConfiguration;
			buildSettings = {
				ALWAYS_SEARCH_USER_PATHS = NO;
				CLANG_ANALYZER_NONNULL = YES;
				CLANG_ANALYZER_NUMBER_OBJECT_CONVERSION = YES_AGGRESSIVE;
				CLANG_CXX_LANGUAGE_STANDARD = "gnu++20";
				CLANG_ENABLE_MODULES = YES;
				CLANG_ENABLE_OBJC_ARC = YES;
				CLANG_ENABLE_OBJC_WEAK = YES;
				CLANG_WARN_BLOCK_CAPTURE_AUTORELEASING = YES;
				CLANG_WARN_BOOL_CONVERSION = YES;
				CLANG_WARN_COMMA = YES;
				CLANG_WARN_CONSTANT_CONVERSION = YES;
				CLANG_WARN_DEPRECATED_OBJC_IMPLEMENTATIONS = YES;
				CLANG_WARN_DIRECT_OBJC_ISA_USAGE = YES_ERROR;
				CLANG_WARN_DOCUMENTATION_COMMENTS = YES;
				CLANG_WARN_EMPTY_BODY = YES;
				CLANG_WARN_ENUM_CONVERSION = YES;
				CLANG_WARN_INFINITE_RECURSION = YES;
				CLANG_WARN_INT_CONVERSION = YES;
				CLANG_WARN_NON_LITERAL_NULL_CONVERSION = YES;
				CLANG_WARN_OBJC_IMPLICIT_RETAIN_SELF = YES;
				CLANG_WARN_OBJC_LITERAL_CONVERSION = YES;
				CLANG_WARN_OBJC_ROOT_CLASS = YES_ERROR;
				CLANG_WARN_QUOTED_INCLUDE_IN_FRAMEWORK_HEADER = YES;
				CLANG_WARN_RANGE_LOOP_ANALYSIS = YES;
				CLANG_WARN_STRICT_PROTOTYPES = YES;
				CLANG_WARN_SUSPICIOUS_MOVE = YES;
				CLANG_WARN_UNGUARDED_AVAILABILITY = YES_AGGRESSIVE;
				CLANG_WARN_UNREACHABLE_CODE = YES;
				CLANG_WARN__DUPLICATE_METHOD_MATCH = YES;
				COPY_PHASE_STRIP = NO;
				DEBUG_INFORMATION_FORMAT = "dwarf-with-dsym";
				ENABLE_NS_ASSERTIONS = NO;
				ENABLE_STRICT_OBJC_MSGSEND = YES;
				GCC_C_LANGUAGE_STANDARD = gnu11;
				GCC_NO_COMMON_BLOCKS = YES;
				GCC_WARN_64_TO_32_BIT_CONVERSION = YES;
				GCC_WARN_ABOUT_RETURN_TYPE = YES_ERROR;
				GCC_WARN_UNDECLARED_SELECTOR = YES;
				GCC_WARN_UNINITIALIZED_AUTOS = YES_AGGRESSIVE;
				GCC_WARN_UNUSED_FUNCTION = YES;
				GCC_WARN_UNUSED_VARIABLE = YES;
				MTL_ENABLE_DEBUG_INFO = NO;
				MTL_FAST_MATH = YES;
				SWIFT_COMPILATION_MODE = wholemodule;
				SWIFT_OPTIMIZATION_LEVEL = "-O";
			};
			name = Release;
		};
		949750B729D213EF00DFEBA0 /* Debug */ = {
			isa = XCBuildConfiguration;
			buildSettings = {
				ASSETCATALOG_COMPILER_APPICON_NAME = AppIcon;
				ASSETCATALOG_COMPILER_GLOBAL_ACCENT_COLOR_NAME = AccentColor;
				CODE_SIGN_ENTITLEMENTS = Logbook/Logbook.entitlements;
				CODE_SIGN_STYLE = Automatic;
				CURRENT_PROJECT_VERSION = 1;
				DEVELOPMENT_ASSET_PATHS = "\"Logbook/Preview Content\"";
				DEVELOPMENT_TEAM = 729A86C579;
				ENABLE_HARDENED_RUNTIME = YES;
				ENABLE_PREVIEWS = YES;
				GENERATE_INFOPLIST_FILE = YES;
				"INFOPLIST_KEY_UIApplicationSceneManifest_Generation[sdk=iphoneos*]" = YES;
				"INFOPLIST_KEY_UIApplicationSceneManifest_Generation[sdk=iphonesimulator*]" = YES;
				"INFOPLIST_KEY_UIApplicationSupportsIndirectInputEvents[sdk=iphoneos*]" = YES;
				"INFOPLIST_KEY_UIApplicationSupportsIndirectInputEvents[sdk=iphonesimulator*]" = YES;
				"INFOPLIST_KEY_UILaunchScreen_Generation[sdk=iphoneos*]" = YES;
				"INFOPLIST_KEY_UILaunchScreen_Generation[sdk=iphonesimulator*]" = YES;
				"INFOPLIST_KEY_UIStatusBarStyle[sdk=iphoneos*]" = UIStatusBarStyleDefault;
				"INFOPLIST_KEY_UIStatusBarStyle[sdk=iphonesimulator*]" = UIStatusBarStyleDefault;
				INFOPLIST_KEY_UISupportedInterfaceOrientations_iPad = "UIInterfaceOrientationPortrait UIInterfaceOrientationPortraitUpsideDown UIInterfaceOrientationLandscapeLeft UIInterfaceOrientationLandscapeRight";
				INFOPLIST_KEY_UISupportedInterfaceOrientations_iPhone = "UIInterfaceOrientationPortrait UIInterfaceOrientationLandscapeLeft UIInterfaceOrientationLandscapeRight";
				IPHONEOS_DEPLOYMENT_TARGET = 16.2;
				LD_RUNPATH_SEARCH_PATHS = "@executable_path/Frameworks";
				"LD_RUNPATH_SEARCH_PATHS[sdk=macosx*]" = "@executable_path/../Frameworks";
				MACOSX_DEPLOYMENT_TARGET = 13.1;
				MARKETING_VERSION = 1.0;
				PRODUCT_BUNDLE_IDENTIFIER = com.wellcrafted.Logbook;
				PRODUCT_NAME = "$(TARGET_NAME)";
				SDKROOT = auto;
				SUPPORTED_PLATFORMS = "iphoneos iphonesimulator macosx";
				SWIFT_EMIT_LOC_STRINGS = YES;
				SWIFT_VERSION = 5.0;
				TARGETED_DEVICE_FAMILY = "1,2";
			};
			name = Debug;
		};
		949750B829D213EF00DFEBA0 /* Release */ = {
			isa = XCBuildConfiguration;
			buildSettings = {
				ASSETCATALOG_COMPILER_APPICON_NAME = AppIcon;
				ASSETCATALOG_COMPILER_GLOBAL_ACCENT_COLOR_NAME = AccentColor;
				CODE_SIGN_ENTITLEMENTS = Logbook/Logbook.entitlements;
				CODE_SIGN_STYLE = Automatic;
				CURRENT_PROJECT_VERSION = 1;
				DEVELOPMENT_ASSET_PATHS = "\"Logbook/Preview Content\"";
				DEVELOPMENT_TEAM = 729A86C579;
				ENABLE_HARDENED_RUNTIME = YES;
				ENABLE_PREVIEWS = YES;
				GENERATE_INFOPLIST_FILE = YES;
				"INFOPLIST_KEY_UIApplicationSceneManifest_Generation[sdk=iphoneos*]" = YES;
				"INFOPLIST_KEY_UIApplicationSceneManifest_Generation[sdk=iphonesimulator*]" = YES;
				"INFOPLIST_KEY_UIApplicationSupportsIndirectInputEvents[sdk=iphoneos*]" = YES;
				"INFOPLIST_KEY_UIApplicationSupportsIndirectInputEvents[sdk=iphonesimulator*]" = YES;
				"INFOPLIST_KEY_UILaunchScreen_Generation[sdk=iphoneos*]" = YES;
				"INFOPLIST_KEY_UILaunchScreen_Generation[sdk=iphonesimulator*]" = YES;
				"INFOPLIST_KEY_UIStatusBarStyle[sdk=iphoneos*]" = UIStatusBarStyleDefault;
				"INFOPLIST_KEY_UIStatusBarStyle[sdk=iphonesimulator*]" = UIStatusBarStyleDefault;
				INFOPLIST_KEY_UISupportedInterfaceOrientations_iPad = "UIInterfaceOrientationPortrait UIInterfaceOrientationPortraitUpsideDown UIInterfaceOrientationLandscapeLeft UIInterfaceOrientationLandscapeRight";
				INFOPLIST_KEY_UISupportedInterfaceOrientations_iPhone = "UIInterfaceOrientationPortrait UIInterfaceOrientationLandscapeLeft UIInterfaceOrientationLandscapeRight";
				IPHONEOS_DEPLOYMENT_TARGET = 16.2;
				LD_RUNPATH_SEARCH_PATHS = "@executable_path/Frameworks";
				"LD_RUNPATH_SEARCH_PATHS[sdk=macosx*]" = "@executable_path/../Frameworks";
				MACOSX_DEPLOYMENT_TARGET = 13.1;
				MARKETING_VERSION = 1.0;
				PRODUCT_BUNDLE_IDENTIFIER = com.wellcrafted.Logbook;
				PRODUCT_NAME = "$(TARGET_NAME)";
				SDKROOT = auto;
				SUPPORTED_PLATFORMS = "iphoneos iphonesimulator macosx";
				SWIFT_EMIT_LOC_STRINGS = YES;
				SWIFT_VERSION = 5.0;
				TARGETED_DEVICE_FAMILY = "1,2";
			};
			name = Release;
		};
		949750BA29D213EF00DFEBA0 /* Debug */ = {
			isa = XCBuildConfiguration;
			buildSettings = {
				ALWAYS_EMBED_SWIFT_STANDARD_LIBRARIES = YES;
				BUNDLE_LOADER = "$(TEST_HOST)";
				CODE_SIGN_STYLE = Automatic;
				CURRENT_PROJECT_VERSION = 1;
				DEVELOPMENT_TEAM = 729A86C579;
				GENERATE_INFOPLIST_FILE = YES;
				IPHONEOS_DEPLOYMENT_TARGET = 16.2;
				MACOSX_DEPLOYMENT_TARGET = 13.1;
				MARKETING_VERSION = 1.0;
				PRODUCT_BUNDLE_IDENTIFIER = com.wellcrafted.LogbookTests;
				PRODUCT_NAME = "$(TARGET_NAME)";
				SDKROOT = auto;
				SUPPORTED_PLATFORMS = "iphoneos iphonesimulator macosx";
				SWIFT_EMIT_LOC_STRINGS = NO;
				SWIFT_VERSION = 5.0;
				TARGETED_DEVICE_FAMILY = "1,2";
				TEST_HOST = "$(BUILT_PRODUCTS_DIR)/Logbook.app/$(BUNDLE_EXECUTABLE_FOLDER_PATH)/Logbook";
			};
			name = Debug;
		};
		949750BB29D213EF00DFEBA0 /* Release */ = {
			isa = XCBuildConfiguration;
			buildSettings = {
				ALWAYS_EMBED_SWIFT_STANDARD_LIBRARIES = YES;
				BUNDLE_LOADER = "$(TEST_HOST)";
				CODE_SIGN_STYLE = Automatic;
				CURRENT_PROJECT_VERSION = 1;
				DEVELOPMENT_TEAM = 729A86C579;
				GENERATE_INFOPLIST_FILE = YES;
				IPHONEOS_DEPLOYMENT_TARGET = 16.2;
				MACOSX_DEPLOYMENT_TARGET = 13.1;
				MARKETING_VERSION = 1.0;
				PRODUCT_BUNDLE_IDENTIFIER = com.wellcrafted.LogbookTests;
				PRODUCT_NAME = "$(TARGET_NAME)";
				SDKROOT = auto;
				SUPPORTED_PLATFORMS = "iphoneos iphonesimulator macosx";
				SWIFT_EMIT_LOC_STRINGS = NO;
				SWIFT_VERSION = 5.0;
				TARGETED_DEVICE_FAMILY = "1,2";
				TEST_HOST = "$(BUILT_PRODUCTS_DIR)/Logbook.app/$(BUNDLE_EXECUTABLE_FOLDER_PATH)/Logbook";
			};
			name = Release;
		};
		949750BD29D213EF00DFEBA0 /* Debug */ = {
			isa = XCBuildConfiguration;
			buildSettings = {
				ALWAYS_EMBED_SWIFT_STANDARD_LIBRARIES = YES;
				CODE_SIGN_STYLE = Automatic;
				CURRENT_PROJECT_VERSION = 1;
				DEVELOPMENT_TEAM = 729A86C579;
				GENERATE_INFOPLIST_FILE = YES;
				IPHONEOS_DEPLOYMENT_TARGET = 16.2;
				MACOSX_DEPLOYMENT_TARGET = 13.1;
				MARKETING_VERSION = 1.0;
				PRODUCT_BUNDLE_IDENTIFIER = com.wellcrafted.LogbookUITests;
				PRODUCT_NAME = "$(TARGET_NAME)";
				SDKROOT = auto;
				SUPPORTED_PLATFORMS = "iphoneos iphonesimulator macosx";
				SWIFT_EMIT_LOC_STRINGS = NO;
				SWIFT_VERSION = 5.0;
				TARGETED_DEVICE_FAMILY = "1,2";
				TEST_TARGET_NAME = Logbook;
			};
			name = Debug;
		};
		949750BE29D213EF00DFEBA0 /* Release */ = {
			isa = XCBuildConfiguration;
			buildSettings = {
				ALWAYS_EMBED_SWIFT_STANDARD_LIBRARIES = YES;
				CODE_SIGN_STYLE = Automatic;
				CURRENT_PROJECT_VERSION = 1;
				DEVELOPMENT_TEAM = 729A86C579;
				GENERATE_INFOPLIST_FILE = YES;
				IPHONEOS_DEPLOYMENT_TARGET = 16.2;
				MACOSX_DEPLOYMENT_TARGET = 13.1;
				MARKETING_VERSION = 1.0;
				PRODUCT_BUNDLE_IDENTIFIER = com.wellcrafted.LogbookUITests;
				PRODUCT_NAME = "$(TARGET_NAME)";
				SDKROOT = auto;
				SUPPORTED_PLATFORMS = "iphoneos iphonesimulator macosx";
				SWIFT_EMIT_LOC_STRINGS = NO;
				SWIFT_VERSION = 5.0;
				TARGETED_DEVICE_FAMILY = "1,2";
				TEST_TARGET_NAME = Logbook;
			};
			name = Release;
		};
/* End XCBuildConfiguration section */

/* Begin XCConfigurationList section */
		9497508729D213ED00DFEBA0 /* Build configuration list for PBXProject "Logbook" */ = {
			isa = XCConfigurationList;
			buildConfigurations = (
				949750B429D213EF00DFEBA0 /* Debug */,
				949750B529D213EF00DFEBA0 /* Release */,
			);
			defaultConfigurationIsVisible = 0;
			defaultConfigurationName = Release;
		};
		949750B629D213EF00DFEBA0 /* Build configuration list for PBXNativeTarget "Logbook" */ = {
			isa = XCConfigurationList;
			buildConfigurations = (
				949750B729D213EF00DFEBA0 /* Debug */,
				949750B829D213EF00DFEBA0 /* Release */,
			);
			defaultConfigurationIsVisible = 0;
			defaultConfigurationName = Release;
		};
		949750B929D213EF00DFEBA0 /* Build configuration list for PBXNativeTarget "LogbookTests" */ = {
			isa = XCConfigurationList;
			buildConfigurations = (
				949750BA29D213EF00DFEBA0 /* Debug */,
				949750BB29D213EF00DFEBA0 /* Release */,
			);
			defaultConfigurationIsVisible = 0;
			defaultConfigurationName = Release;
		};
		949750BC29D213EF00DFEBA0 /* Build configuration list for PBXNativeTarget "LogbookUITests" */ = {
			isa = XCConfigurationList;
			buildConfigurations = (
				949750BD29D213EF00DFEBA0 /* Debug */,
				949750BE29D213EF00DFEBA0 /* Release */,
			);
			defaultConfigurationIsVisible = 0;
			defaultConfigurationName = Release;
		};
/* End XCConfigurationList section */

/* Begin XCRemoteSwiftPackageReference section */
		94DB537629FAB7710065895F /* XCRemoteSwiftPackageReference "Blackbird" */ = {
			isa = XCRemoteSwiftPackageReference;
			repositoryURL = "https://github.com/marcoarment/Blackbird";
			requirement = {
				branch = main;
				kind = branch;
			};
		};
/* End XCRemoteSwiftPackageReference section */

/* Begin XCSwiftPackageProductDependency section */
		94DB537729FAB7710065895F /* Blackbird */ = {
			isa = XCSwiftPackageProductDependency;
			package = 94DB537629FAB7710065895F /* XCRemoteSwiftPackageReference "Blackbird" */;
			productName = Blackbird;
		};
/* End XCSwiftPackageProductDependency section */
	};
	rootObject = 9497508429D213ED00DFEBA0 /* Project object */;
}
